{
  "name": "vesting-implement",
  "version": "1.0.3",
  "lockfileVersion": 3,
  "requires": true,
  "packages": {
    "": {
      "name": "vesting-implement",
      "version": "1.0.3",
      "license": "MIT",
      "dependencies": {
        "deep-equal": "~1.0.0",
        "ishanvesting": "git+https://github.com/parzivalishan/ishanvesting.js"
      },
      "devDependencies": {
        "ishanvesting": "~1.0.3",
        "tape": "~4.0.1",
        "vesting-commonform": "~1.0.0"
      }
    },
    "node_modules/anniversary": {
      "version": "1.1.2",
      "resolved": "https://registry.npmjs.org/anniversary/-/anniversary-1.1.2.tgz",
      "integrity": "sha512-EFMah7GwtP809Uuzki1Paeq1RvPLRLRRxF99mSxP5pkdTNyLXyu0yqSr4e5v/sVgC3pl1iUekAMCOdrajLYflA==",
      "dev": true,
      "dependencies": {
        "leap-day": "~1.0.0",
        "leap-year": "^1.0.0"
      }
    },
    "node_modules/balanced-match": {
      "version": "1.0.2",
      "resolved": "https://registry.npmjs.org/balanced-match/-/balanced-match-1.0.2.tgz",
      "integrity": "sha512-3oSeUO0TMV67hN1AmbXsK4yaqU7tjiHlbxRDZOpH0KW9+CeX4bRAaX0Anxt0tx2MrpRpWwQaPwIlISEJhYU5Pw==",
      "dev": true
    },
    "node_modules/brace-expansion": {
      "version": "1.1.11",
      "resolved": "https://registry.npmjs.org/brace-expansion/-/brace-expansion-1.1.11.tgz",
      "integrity": "sha512-iCuPHDFgrHX7H2vEI/5xpz07zSHB00TpugqhmYtVmMO6518mCuRMoOYFldEBl0g187ufozdaHgWKcYFb61qGiA==",
      "dev": true,
      "dependencies": {
        "balanced-match": "^1.0.0",
        "concat-map": "0.0.1"
      }
    },
    "node_modules/concat-map": {
      "version": "0.0.1",
      "resolved": "https://registry.npmjs.org/concat-map/-/concat-map-0.0.1.tgz",
      "integrity": "sha512-/Srv4dswyQNBfohGpz9o6Yb3Gz3SrUDqBH5rTuhGR7ahtlbYKnVxw2bCFMRljaA7EXHaXZ8wsHdodFvbkhKmqg==",
      "dev": true
    },
    "node_modules/deep-equal": {
      "version": "1.0.1",
      "resolved": "https://registry.npmjs.org/deep-equal/-/deep-equal-1.0.1.tgz",
      "integrity": "sha512-bHtC0iYvWhyaTzvV3CZgPeZQqCOBGyGsVV7v4eevpdkLHfiSrXUdBG+qAuSz4RI70sszvjQ1QSZ98An1yNwpSw=="
    },
    "node_modules/defined": {
      "version": "0.0.0",
      "resolved": "https://registry.npmjs.org/defined/-/defined-0.0.0.tgz",
      "integrity": "sha512-zpqiCT8bODLu3QSmLLic8xJnYWBFjOSu/fBCm189oAiTtPq/PSanNACKZDS7kgSyCJY7P+IcODzlIogBK/9RBg==",
      "dev": true
    },
    "node_modules/glob": {
      "version": "5.0.15",
      "resolved": "https://registry.npmjs.org/glob/-/glob-5.0.15.tgz",
      "integrity": "sha512-c9IPMazfRITpmAAKi22dK1VKxGDX9ehhqfABDriL/lzO92xcUKEJPQHrVA/2YHSNFB4iFlykVmWvwo48nr3OxA==",
      "dev": true,
      "dependencies": {
        "inflight": "^1.0.4",
        "inherits": "2",
        "minimatch": "2 || 3",
        "once": "^1.3.0",
        "path-is-absolute": "^1.0.0"
      },
      "engines": {
        "node": "*"
      }
    },
    "node_modules/inflight": {
      "version": "1.0.6",
      "resolved": "https://registry.npmjs.org/inflight/-/inflight-1.0.6.tgz",
      "integrity": "sha512-k92I/b08q4wvFscXCLvqfsHCrjrF7yiXsQuIVvVE7N82W3+aqpzuUdBbfhWcy/FZR3/4IgflMgKLOsvPDrGCJA==",
      "dev": true,
      "dependencies": {
        "once": "^1.3.0",
        "wrappy": "1"
      }
    },
    "node_modules/inherits": {
      "version": "2.0.4",
      "resolved": "https://registry.npmjs.org/inherits/-/inherits-2.0.4.tgz",
      "integrity": "sha512-k/vGaX4/Yla3WzyMCvTQOXYeIHvqOKtnqBduzTHpzpQZzAskKMhZ2K+EnBiSM9zGSoIFeMpXKxa4dYeZIQqewQ==",
      "dev": true
    },
    "node_modules/is-finite": {
      "version": "1.0.2",
      "resolved": "https://registry.npmjs.org/is-finite/-/is-finite-1.0.2.tgz",
      "integrity": "sha512-e+gU0KGrlbqjEcV80SAqg4g7PQYOm3/IrdwAJ+kPwHqGhLKhtuTJGGxGtrsc8RXlHt2A8Vlnv+79Vq2B1GQasg==",
      "dev": true,
      "dependencies": {
        "number-is-nan": "^1.0.0"
      },
      "engines": {
        "node": ">=0.10.0"
      }
    },
    "node_modules/is-integer": {
      "version": "1.0.7",
      "resolved": "https://registry.npmjs.org/is-integer/-/is-integer-1.0.7.tgz",
      "integrity": "sha512-RPQc/s9yBHSvpi+hs9dYiJ2cuFeU6x3TyyIp8O2H6SKEltIvJOzRj9ToyvcStDvPR/pS4rxgr1oBFajQjZ2Szg==",
      "dev": true,
      "dependencies": {
        "is-finite": "^1.0.0"
      }
    },
    "node_modules/ishanvesting": {
      "version": "1.0.3",
      "resolved": "git+ssh://git@github.com/parzivalishan/ishanvesting.js.git#0cc26b292c40947e634b349f8567b4af5dc8f9af",
      "dev": true,
      "dependencies": {
        "anniversary": "~1.1.0",
        "round": "~2.0.0"
      }
    },
    "node_modules/leap-day": {
      "version": "1.0.0",
      "resolved": "https://registry.npmjs.org/leap-day/-/leap-day-1.0.0.tgz",
      "integrity": "sha512-ypTBO7bTqkUOv+WQ3lCT2PR7ODuV4IP0IjSFXkGZve9/j1OJMYy8/p0AK6cZQDN94gqkM7gPUZhb5nVkbpKzcQ==",
      "dev": true,
      "dependencies": {
        "leap-year": "~1.0.0"
      }
    },
    "node_modules/leap-year": {
      "version": "1.0.0",
      "resolved": "https://registry.npmjs.org/leap-year/-/leap-year-1.0.0.tgz",
      "integrity": "sha512-OnuKWHZRG1ngAr5kT+ad4wakzH2E+njWR2oO4UGPoceY0GpBngiaxTnIYiOC/ij3rL0y4w29JyHYVpyYn6kC1g==",
      "dev": true,
      "engines": {
        "node": ">=0.10.0"
      }
    },
    "node_modules/minimatch": {
      "version": "3.1.2",
      "resolved": "https://registry.npmjs.org/minimatch/-/minimatch-3.1.2.tgz",
      "integrity": "sha512-J7p63hRiAjw1NDEww1W7i37+ByIrOWO5XQQAzZ3VOcL0PNybwpfmV/N05zFAzwQ9USyEcX6t3UO+K5aqBQOIHw==",
      "dev": true,
      "dependencies": {
        "brace-expansion": "^1.1.7"
      },
      "engines": {
        "node": "*"
      }
    },
    "node_modules/number-is-nan": {
      "version": "1.0.1",
      "resolved": "https://registry.npmjs.org/number-is-nan/-/number-is-nan-1.0.1.tgz",
      "integrity": "sha512-4jbtZXNAsfZbAHiiqjLPBiCl16dES1zI4Hpzzxw61Tk+loF+sBDBKx1ICKKKwIqQ7M0mFn1TmkN7euSncWgHiQ==",
      "dev": true,
      "engines": {
        "node": ">=0.10.0"
      }
    },
    "node_modules/object-inspect": {
      "version": "1.0.2",
      "resolved": "https://registry.npmjs.org/object-inspect/-/object-inspect-1.0.2.tgz",
      "integrity": "sha512-Bg2UlB5dtn0VQ2BvuisvthOUh9ehgL4FQsnLoXvY2GMJKfwNC6nZO0NFs7llpH6yZJcRUZZAoSb5VSnRSw17ww==",
      "dev": true
    },
    "node_modules/once": {
      "version": "1.4.0",
      "resolved": "https://registry.npmjs.org/once/-/once-1.4.0.tgz",
      "integrity": "sha512-lNaJgI+2Q5URQBkccEKHTQOPaXdUxnZZElQTZY0MFUAuaEqe1E+Nyvgdz/aIyNi6Z9MzO5dv1H8n58/GELp3+w==",
      "dev": true,
      "dependencies": {
        "wrappy": "1"
      }
    },
    "node_modules/ord": {
      "version": "0.1.1",
      "resolved": "https://registry.npmjs.org/ord/-/ord-0.1.1.tgz",
      "integrity": "sha512-Ql0g+39ihvRo4JQEg2G8fcB7c8JqmJRJ9dhmueFOjCgdO2MCKB8QQOTBRTZPFDdZUM9DM6tdBPQrHUEc9wuuVA==",
      "dev": true
    },
    "node_modules/parse-exponential": {
      "version": "1.0.1",
      "resolved": "https://registry.npmjs.org/parse-exponential/-/parse-exponential-1.0.1.tgz",
      "integrity": "sha512-QUa7PaOc7O6ei3hb0NmADJGrDYLbPBdcSKFUBGfwlMdHsrg8LOsliPEkpP0qHSKQOyzyyxCB00fxJKcP75Gl7w==",
      "dev": true,
      "engines": {
        "node": ">=0.10.0"
      }
    },
    "node_modules/path-is-absolute": {
      "version": "1.0.1",
      "resolved": "https://registry.npmjs.org/path-is-absolute/-/path-is-absolute-1.0.1.tgz",
      "integrity": "sha512-AVbw3UJ2e9bq64vSaS9Am0fje1Pa8pbGqTTsmXfaIiMpnr5DlDhfJOuLj9Sf95ZPVDAUerDfEk88MPmPe7UCQg==",
      "dev": true,
      "engines": {
        "node": ">=0.10.0"
      }
    },
    "node_modules/precision": {
      "version": "1.0.1",
      "resolved": "https://registry.npmjs.org/precision/-/precision-1.0.1.tgz",
      "integrity": "sha512-cBMxnM2nzEF1xx75NhhOaKjsDNt92WUZv17t/p3wrvCfA+2RL0twbgfvXvgDbxxsfUUb5C5he5tla8Xa2ny1Ew==",
      "dev": true,
      "dependencies": {
        "is-finite": "~1.0.1",
        "parse-exponential": "~1.0.1"
      },
      "engines": {
        "node": ">=0.10.0"
      }
    },
    "node_modules/resumer": {
      "version": "0.0.0",
      "resolved": "https://registry.npmjs.org/resumer/-/resumer-0.0.0.tgz",
      "integrity": "sha512-Fn9X8rX8yYF4m81rZCK/5VmrmsSbqS/i3rDLl6ZZHAXgC2nTAx3dhwG8q8odP/RmdLa2YrybDJaAMg+X1ajY3w==",
      "dev": true,
      "dependencies": {
        "through": "~2.3.4"
      }
    },
    "node_modules/round": {
      "version": "2.0.1",
      "resolved": "https://registry.npmjs.org/round/-/round-2.0.1.tgz",
      "integrity": "sha512-wzT6PF3wNEd2PCLTBQxteheeSwViBrD89E1XZjl4sj505C4LwTpqOQSNXLEROHDQw35NoylYbMxoUhgf2hb4qw==",
      "dev": true,
      "dependencies": {
        "precision": "~1.0.0",
        "round-precision": "~1.0.0"
      }
    },
    "node_modules/round-precision": {
      "version": "1.0.0",
      "resolved": "https://registry.npmjs.org/round-precision/-/round-precision-1.0.0.tgz",
      "integrity": "sha512-L2a0XDSNeaaBTEGmzuENMK4T8c0HqKYeS3pCDurW4MRPo8O6LeCLqVPWUt5+xW9rrEcG9QaYrAFcApEFXKziyw==",
      "dev": true,
      "dependencies": {
        "is-finite": "~1.0.1",
        "is-integer": "~1.0.4"
      },
      "engines": {
        "node": ">=0.10.0"
      }
    },
    "node_modules/tape": {
      "version": "4.0.3",
      "resolved": "https://registry.npmjs.org/tape/-/tape-4.0.3.tgz",
      "integrity": "sha512-Aet+h8l4d3j/Ff9HNNUKPFXD0XAUsKyezumN64iBRPtZF1uh2NxKZYNXag8DXwt8UhdQN1AJ24+Cdqb0QL4zrQ==",
      "dev": true,
      "dependencies": {
        "deep-equal": "~1.0.0",
        "defined": "~0.0.0",
        "glob": "~5.0.3",
        "inherits": "~2.0.1",
        "object-inspect": "~1.0.0",
        "resumer": "~0.0.0",
        "through": "~2.3.4"
      },
      "bin": {
        "tape": "bin/tape"
      }
    },
    "node_modules/through": {
      "version": "2.3.8",
      "resolved": "https://registry.npmjs.org/through/-/through-2.3.8.tgz",
      "integrity": "sha512-w89qg7PI8wAdvX60bMDP+bFoD5Dvhm9oLheFp5O4a2QF0cSBGsBX4qZmadPMvVqlLJBBci+WqGGOAPvcDeNSVg==",
      "dev": true
    },
    "node_modules/vesting-commonform": {
      "version": "1.0.0",
      "resolved": "https://registry.npmjs.org/vesting-commonform/-/vesting-commonform-1.0.0.tgz",
      "integrity": "sha512-TK589edHIWsNQ45yNFoDbC+Nv5jTSNXMqUGy4jWeohuN1ukHQa8/UjxWDWGi5Ms/6KAk4fq3ZftbGWA0Xdd/+Q==",
      "dev": true,
      "dependencies": {
        "ord": "~0.1.1"
      }
    },
    "node_modules/wrappy": {
      "version": "1.0.2",
      "resolved": "https://registry.npmjs.org/wrappy/-/wrappy-1.0.2.tgz",
      "integrity": "sha512-l4Sp/DRseor9wL6EvV2+TuQn63dMkPjZ/sp9XkghTEbV9KlPS1xUsZ3u7/IQO4wxtcFB4bgpQPRcR3QCvezPcQ==",
      "dev": true
    }
  }
}
